
Microsoft Visual Studio Solution File, Format Version 12.00
# Visual Studio Version 17
VisualStudioVersion = 17.0.31903.59
MinimumVisualStudioVersion = 10.0.40219.1
Project("{2150E333-8FDC-42A3-9474-1A3956D46DE8}") = "src", "src", "{827E0CD3-B72D-47B6-A68D-7590B98EB39B}"
EndProject
Project("{FAE04EC0-301F-11D3-BF4B-00C04F79EFBC}") = "HolidaysAPI.API", "src\HolidaysAPI.API\HolidaysAPI.API.csproj", "{A9E53B04-CAA2-4416-A625-B624C5D8212E}"
EndProject
Project("{FAE04EC0-301F-11D3-BF4B-00C04F79EFBC}") = "HolidaysAPI.Application", "src\HolidaysAPI.Application\HolidaysAPI.Application.csproj", "{C030D6EB-A101-46EC-84D2-3A73CE1241DA}"
EndProject
Project("{FAE04EC0-301F-11D3-BF4B-00C04F79EFBC}") = "HolidaysAPI.Domain", "src\HolidaysAPI.Domain\HolidaysAPI.Domain.csproj", "{4FED7B25-DC50-4ED7-8FFC-D033DBB5072B}"
EndProject
Project("{FAE04EC0-301F-11D3-BF4B-00C04F79EFBC}") = "HolidaysAPI.Infrastructure", "src\HolidaysAPI.Infrastructure\HolidaysAPI.Infrastructure.csproj", "{807E5A72-DEA1-4113-A331-A47C35B524A8}"
EndProject
Project("{2150E333-8FDC-42A3-9474-1A3956D46DE8}") = "tests", "tests", "{0AB3BF05-4346-4AA6-1389-037BE0695223}"
EndProject
Project("{FAE04EC0-301F-11D3-BF4B-00C04F79EFBC}") = "HolidaysAPI.Tests", "tests\HolidaysAPI.Tests\HolidaysAPI.Tests.csproj", "{F7FBF8D8-C6D5-42A3-893D-EC0E35F56C13}"
EndProject
Global
	GlobalSection(SolutionConfigurationPlatforms) = preSolution
		Debug|Any CPU = Debug|Any CPU
		Debug|x64 = Debug|x64
		Debug|x86 = Debug|x86
		Release|Any CPU = Release|Any CPU
		Release|x64 = Release|x64
		Release|x86 = Release|x86
	EndGlobalSection
	GlobalSection(ProjectConfigurationPlatforms) = postSolution
		{A9E53B04-CAA2-4416-A625-B624C5D8212E}.Debug|Any CPU.ActiveCfg = Debug|Any CPU
		{A9E53B04-CAA2-4416-A625-B624C5D8212E}.Debug|Any CPU.Build.0 = Debug|Any CPU
		{A9E53B04-CAA2-4416-A625-B624C5D8212E}.Debug|x64.ActiveCfg = Debug|Any CPU
		{A9E53B04-CAA2-4416-A625-B624C5D8212E}.Debug|x64.Build.0 = Debug|Any CPU
		{A9E53B04-CAA2-4416-A625-B624C5D8212E}.Debug|x86.ActiveCfg = Debug|Any CPU
		{A9E53B04-CAA2-4416-A625-B624C5D8212E}.Debug|x86.Build.0 = Debug|Any CPU
		{A9E53B04-CAA2-4416-A625-B624C5D8212E}.Release|Any CPU.ActiveCfg = Release|Any CPU
		{A9E53B04-CAA2-4416-A625-B624C5D8212E}.Release|Any CPU.Build.0 = Release|Any CPU
		{A9E53B04-CAA2-4416-A625-B624C5D8212E}.Release|x64.ActiveCfg = Release|Any CPU
		{A9E53B04-CAA2-4416-A625-B624C5D8212E}.Release|x64.Build.0 = Release|Any CPU
		{A9E53B04-CAA2-4416-A625-B624C5D8212E}.Release|x86.ActiveCfg = Release|Any CPU
		{A9E53B04-CAA2-4416-A625-B624C5D8212E}.Release|x86.Build.0 = Release|Any CPU
		{C030D6EB-A101-46EC-84D2-3A73CE1241DA}.Debug|Any CPU.ActiveCfg = Debug|Any CPU
		{C030D6EB-A101-46EC-84D2-3A73CE1241DA}.Debug|Any CPU.Build.0 = Debug|Any CPU
		{C030D6EB-A101-46EC-84D2-3A73CE1241DA}.Debug|x64.ActiveCfg = Debug|Any CPU
		{C030D6EB-A101-46EC-84D2-3A73CE1241DA}.Debug|x64.Build.0 = Debug|Any CPU
		{C030D6EB-A101-46EC-84D2-3A73CE1241DA}.Debug|x86.ActiveCfg = Debug|Any CPU
		{C030D6EB-A101-46EC-84D2-3A73CE1241DA}.Debug|x86.Build.0 = Debug|Any CPU
		{C030D6EB-A101-46EC-84D2-3A73CE1241DA}.Release|Any CPU.ActiveCfg = Release|Any CPU
		{C030D6EB-A101-46EC-84D2-3A73CE1241DA}.Release|Any CPU.Build.0 = Release|Any CPU
		{C030D6EB-A101-46EC-84D2-3A73CE1241DA}.Release|x64.ActiveCfg = Release|Any CPU
		{C030D6EB-A101-46EC-84D2-3A73CE1241DA}.Release|x64.Build.0 = Release|Any CPU
		{C030D6EB-A101-46EC-84D2-3A73CE1241DA}.Release|x86.ActiveCfg = Release|Any CPU
		{C030D6EB-A101-46EC-84D2-3A73CE1241DA}.Release|x86.Build.0 = Release|Any CPU
		{4FED7B25-DC50-4ED7-8FFC-D033DBB5072B}.Debug|Any CPU.ActiveCfg = Debug|Any CPU
		{4FED7B25-DC50-4ED7-8FFC-D033DBB5072B}.Debug|Any CPU.Build.0 = Debug|Any CPU
		{4FED7B25-DC50-4ED7-8FFC-D033DBB5072B}.Debug|x64.ActiveCfg = Debug|Any CPU
		{4FED7B25-DC50-4ED7-8FFC-D033DBB5072B}.Debug|x64.Build.0 = Debug|Any CPU
		{4FED7B25-DC50-4ED7-8FFC-D033DBB5072B}.Debug|x86.ActiveCfg = Debug|Any CPU
		{4FED7B25-DC50-4ED7-8FFC-D033DBB5072B}.Debug|x86.Build.0 = Debug|Any CPU
		{4FED7B25-DC50-4ED7-8FFC-D033DBB5072B}.Release|Any CPU.ActiveCfg = Release|Any CPU
		{4FED7B25-DC50-4ED7-8FFC-D033DBB5072B}.Release|Any CPU.Build.0 = Release|Any CPU
		{4FED7B25-DC50-4ED7-8FFC-D033DBB5072B}.Release|x64.ActiveCfg = Release|Any CPU
		{4FED7B25-DC50-4ED7-8FFC-D033DBB5072B}.Release|x64.Build.0 = Release|Any CPU
		{4FED7B25-DC50-4ED7-8FFC-D033DBB5072B}.Release|x86.ActiveCfg = Release|Any CPU
		{4FED7B25-DC50-4ED7-8FFC-D033DBB5072B}.Release|x86.Build.0 = Release|Any CPU
		{807E5A72-DEA1-4113-A331-A47C35B524A8}.Debug|Any CPU.ActiveCfg = Debug|Any CPU
		{807E5A72-DEA1-4113-A331-A47C35B524A8}.Debug|Any CPU.Build.0 = Debug|Any CPU
		{807E5A72-DEA1-4113-A331-A47C35B524A8}.Debug|x64.ActiveCfg = Debug|Any CPU
		{807E5A72-DEA1-4113-A331-A47C35B524A8}.Debug|x64.Build.0 = Debug|Any CPU
		{807E5A72-DEA1-4113-A331-A47C35B524A8}.Debug|x86.ActiveCfg = Debug|Any CPU
		{807E5A72-DEA1-4113-A331-A47C35B524A8}.Debug|x86.Build.0 = Debug|Any CPU
		{807E5A72-DEA1-4113-A331-A47C35B524A8}.Release|Any CPU.ActiveCfg = Release|Any CPU
		{807E5A72-DEA1-4113-A331-A47C35B524A8}.Release|Any CPU.Build.0 = Release|Any CPU
		{807E5A72-DEA1-4113-A331-A47C35B524A8}.Release|x64.ActiveCfg = Release|Any CPU
		{807E5A72-DEA1-4113-A331-A47C35B524A8}.Release|x64.Build.0 = Release|Any CPU
		{807E5A72-DEA1-4113-A331-A47C35B524A8}.Release|x86.ActiveCfg = Release|Any CPU
		{807E5A72-DEA1-4113-A331-A47C35B524A8}.Release|x86.Build.0 = Release|Any CPU
		{F7FBF8D8-C6D5-42A3-893D-EC0E35F56C13}.Debug|Any CPU.ActiveCfg = Debug|Any CPU
		{F7FBF8D8-C6D5-42A3-893D-EC0E35F56C13}.Debug|Any CPU.Build.0 = Debug|Any CPU
		{F7FBF8D8-C6D5-42A3-893D-EC0E35F56C13}.Debug|x64.ActiveCfg = Debug|Any CPU
		{F7FBF8D8-C6D5-42A3-893D-EC0E35F56C13}.Debug|x64.Build.0 = Debug|Any CPU
		{F7FBF8D8-C6D5-42A3-893D-EC0E35F56C13}.Debug|x86.ActiveCfg = Debug|Any CPU
		{F7FBF8D8-C6D5-42A3-893D-EC0E35F56C13}.Debug|x86.Build.0 = Debug|Any CPU
		{F7FBF8D8-C6D5-42A3-893D-EC0E35F56C13}.Release|Any CPU.ActiveCfg = Release|Any CPU
		{F7FBF8D8-C6D5-42A3-893D-EC0E35F56C13}.Release|Any CPU.Build.0 = Release|Any CPU
		{F7FBF8D8-C6D5-42A3-893D-EC0E35F56C13}.Release|x64.ActiveCfg = Release|Any CPU
		{F7FBF8D8-C6D5-42A3-893D-EC0E35F56C13}.Release|x64.Build.0 = Release|Any CPU
		{F7FBF8D8-C6D5-42A3-893D-EC0E35F56C13}.Release|x86.ActiveCfg = Release|Any CPU
		{F7FBF8D8-C6D5-42A3-893D-EC0E35F56C13}.Release|x86.Build.0 = Release|Any CPU
	EndGlobalSection
	GlobalSection(SolutionProperties) = preSolution
		HideSolutionNode = FALSE
	EndGlobalSection
	GlobalSection(NestedProjects) = preSolution
		{A9E53B04-CAA2-4416-A625-B624C5D8212E} = {827E0CD3-B72D-47B6-A68D-7590B98EB39B}
		{C030D6EB-A101-46EC-84D2-3A73CE1241DA} = {827E0CD3-B72D-47B6-A68D-7590B98EB39B}
		{4FED7B25-DC50-4ED7-8FFC-D033DBB5072B} = {827E0CD3-B72D-47B6-A68D-7590B98EB39B}
		{807E5A72-DEA1-4113-A331-A47C35B524A8} = {827E0CD3-B72D-47B6-A68D-7590B98EB39B}
		{F7FBF8D8-C6D5-42A3-893D-EC0E35F56C13} = {0AB3BF05-4346-4AA6-1389-037BE0695223}
	EndGlobalSection
EndGlobal
